
Microsoft Visual Studio Solution File, Format Version 12.00
# Visual Studio Version 17
VisualStudioVersion = 17.3.32804.467
MinimumVisualStudioVersion = 10.0.40219.1
Project("{FAE04EC0-301F-11D3-BF4B-00C04F79EFBC}") = "final Project", "final Project\final Project.csproj", "{B441F9EB-7CFB-4296-BD2E-069C4C453A51}"
EndProject
Global
	GlobalSection(SolutionConfigurationPlatforms) = preSolution
		Debug|Any CPU = Debug|Any CPU
		Release|Any CPU = Release|Any CPU
	EndGlobalSection
	GlobalSection(ProjectConfigurationPlatforms) = postSolution
		{B441F9EB-7CFB-4296-BD2E-069C4C453A51}.Debug|Any CPU.ActiveCfg = Debug|Any CPU
		{B441F9EB-7CFB-4296-BD2E-069C4C453A51}.Debug|Any CPU.Build.0 = Debug|Any CPU
		{B441F9EB-7CFB-4296-BD2E-069C4C453A51}.Release|Any CPU.ActiveCfg = Release|Any CPU
		{B441F9EB-7CFB-4296-BD2E-069C4C453A51}.Release|Any CPU.Build.0 = Release|Any CPU
	EndGlobalSection
	GlobalSection(SolutionProperties) = preSolution
		HideSolutionNode = FALSE
	EndGlobalSection
	GlobalSection(ExtensibilityGlobals) = postSolution
		SolutionGuid = {73D87E5A-837F-4156-995D-B13E1C981896}
	EndGlobalSection
EndGlobal
